<?xml version="1.0" encoding="utf-8"?>
<Project ToolsVersion="4.0" xmlns="http://schemas.microsoft.com/developer/msbuild/2003">
  <ItemGroup>
    <Filter Include="etherSpace">
      <UniqueIdentifier>{09E7BDFF-F59E-FF4C-5EA6-D8A84A7D9A3D}</UniqueIdentifier>
    </Filter>
  </ItemGroup>
  <ItemGroup>
    <ClInclude Include="src\es_pch.h" />
    <ClInclude Include="src\etherSpace.h" />
    <ClInclude Include="src\etherSpace\Application.h">
      <Filter>etherSpace</Filter>
    </ClInclude>
    <ClInclude Include="src\etherSpace\Color.h">
      <Filter>etherSpace</Filter>
    </ClInclude>
    <ClInclude Include="src\etherSpace\Component.h">
      <Filter>etherSpace</Filter>
    </ClInclude>
    <ClInclude Include="src\etherSpace\Core.h">
      <Filter>etherSpace</Filter>
    </ClInclude>
    <ClInclude Include="src\etherSpace\EntryPoint.h">
      <Filter>etherSpace</Filter>
    </ClInclude>
    <ClInclude Include="src\etherSpace\ErrorManager.h">
      <Filter>etherSpace</Filter>
    </ClInclude>
    <ClInclude Include="src\etherSpace\Log.h">
      <Filter>etherSpace</Filter>
    </ClInclude>
    <ClInclude Include="src\etherSpace\Object.h">
      <Filter>etherSpace</Filter>
    </ClInclude>
    <ClInclude Include="src\etherSpace\Shape.h">
      <Filter>etherSpace</Filter>
    </ClInclude>
    <ClInclude Include="src\etherSpace\Vector.h">
      <Filter>etherSpace</Filter>
    </ClInclude>
  </ItemGroup>
  <ItemGroup>
    <ClCompile Include="src\es_pch.cpp" />
    <ClCompile Include="src\etherSpace\Application.cpp">
      <Filter>etherSpace</Filter>
    </ClCompile>
    <ClCompile Include="src\etherSpace\Color.cpp">
      <Filter>etherSpace</Filter>
    </ClCompile>
    <ClCompile Include="src\etherSpace\Component.cpp">
      <Filter>etherSpace</Filter>
    </ClCompile>
    <ClCompile Include="src\etherSpace\ErrorManager.cpp">
      <Filter>etherSpace</Filter>
    </ClCompile>
    <ClCompile Include="src\etherSpace\Log.cpp">
      <Filter>etherSpace</Filter>
    </ClCompile>
    <ClCompile Include="src\etherSpace\Object.cpp">
      <Filter>etherSpace</Filter>
    </ClCompile>
    <ClCompile Include="src\etherSpace\Shape.cpp">
      <Filter>etherSpace</Filter>
    </ClCompile>
    <ClCompile Include="src\etherSpace\Vector.cpp">
      <Filter>etherSpace</Filter>
    </ClCompile>
  </ItemGroup>
</Project>